
Microsoft Visual Studio Solution File, Format Version 12.00
# Visual Studio 15
VisualStudioVersion = 15.0.28307.421
MinimumVisualStudioVersion = 10.0.40219.1
Project("{FAE04EC0-301F-11D3-BF4B-00C04F79EFBC}") = "MGT_Exchange", "MGT_Exchange\MGT_Exchange.csproj", "{79D347B0-DFD7-46E8-951A-6BF1A4EEA0FF}"
EndProject
Global
	GlobalSection(SolutionConfigurationPlatforms) = preSolution
		Debug|Any CPU = Debug|Any CPU
		Release|Any CPU = Release|Any CPU
	EndGlobalSection
	GlobalSection(ProjectConfigurationPlatforms) = postSolution
		{79D347B0-DFD7-46E8-951A-6BF1A4EEA0FF}.Debug|Any CPU.ActiveCfg = Debug|Any CPU
		{79D347B0-DFD7-46E8-951A-6BF1A4EEA0FF}.Debug|Any CPU.Build.0 = Debug|Any CPU
		{79D347B0-DFD7-46E8-951A-6BF1A4EEA0FF}.Release|Any CPU.ActiveCfg = Release|Any CPU
		{79D347B0-DFD7-46E8-951A-6BF1A4EEA0FF}.Release|Any CPU.Build.0 = Release|Any CPU
	EndGlobalSection
	GlobalSection(SolutionProperties) = preSolution
		HideSolutionNode = FALSE
	EndGlobalSection
	GlobalSection(ExtensibilityGlobals) = postSolution
		SolutionGuid = {3D79CA2C-1658-483C-9B76-3A0F97E059AF}
	EndGlobalSection
EndGlobal
